
Microsoft Visual Studio Solution File, Format Version 12.00
# Visual Studio Version 17
VisualStudioVersion = 17.14.37411.7 d17.14
MinimumVisualStudioVersion = 10.0.40219.1
Project("{888888A0-9F3D-457C-B088-3A5042F75D52}") = "kiosk", "kiosk\kiosk.pyproj", "{557CC186-6B21-4E37-9D2A-68FDD3E11EDD}"
EndProject
Global
	GlobalSection(SolutionConfigurationPlatforms) = preSolution
		Debug|Any CPU = Debug|Any CPU
		Release|Any CPU = Release|Any CPU
	EndGlobalSection
	GlobalSection(ProjectConfigurationPlatforms) = postSolution
		{557CC186-6B21-4E37-9D2A-68FDD3E11EDD}.Debug|Any CPU.ActiveCfg = Debug|Any CPU
		{557CC186-6B21-4E37-9D2A-68FDD3E11EDD}.Release|Any CPU.ActiveCfg = Release|Any CPU
	EndGlobalSection
	GlobalSection(SolutionProperties) = preSolution
		HideSolutionNode = FALSE
	EndGlobalSection
	GlobalSection(ExtensibilityGlobals) = postSolution
		SolutionGuid = {B70E8CF9-4B53-40F3-92C9-7EE1332A2864}
	EndGlobalSection
EndGlobal
